
Microsoft Visual Studio Solution File, Format Version 12.00
# Visual Studio Version 16
VisualStudioVersion = 16.0.31313.79
MinimumVisualStudioVersion = 10.0.40219.1
Project("{FAE04EC0-301F-11D3-BF4B-00C04F79EFBC}") = "HotelManagement", "HotelManagement\HotelManagement.csproj", "{33A8E146-7EBE-4B68-A73B-ABAE22E9E5B9}"
EndProject
Global
	GlobalSection(SolutionConfigurationPlatforms) = preSolution
		Debug|Any CPU = Debug|Any CPU
		Release|Any CPU = Release|Any CPU
	EndGlobalSection
	GlobalSection(ProjectConfigurationPlatforms) = postSolution
		{33A8E146-7EBE-4B68-A73B-ABAE22E9E5B9}.Debug|Any CPU.ActiveCfg = Debug|Any CPU
		{33A8E146-7EBE-4B68-A73B-ABAE22E9E5B9}.Debug|Any CPU.Build.0 = Debug|Any CPU
		{33A8E146-7EBE-4B68-A73B-ABAE22E9E5B9}.Release|Any CPU.ActiveCfg = Release|Any CPU
		{33A8E146-7EBE-4B68-A73B-ABAE22E9E5B9}.Release|Any CPU.Build.0 = Release|Any CPU
	EndGlobalSection
	GlobalSection(SolutionProperties) = preSolution
		HideSolutionNode = FALSE
	EndGlobalSection
	GlobalSection(ExtensibilityGlobals) = postSolution
		SolutionGuid = {CC7CCB0B-8393-44D9-9941-BF6692A0FF73}
	EndGlobalSection
EndGlobal
